// !$*UTF8*$!
{
	archiveVersion = 1;
	classes = {
	};
	objectVersion = 46;
	objects = {

/* Begin PBXBuildFile section */
		10F85D271B9CA2790099FC5A /* main.m in Sources */ = {isa = PBXBuildFile; fileRef = 10F85D261B9CA2790099FC5A /* main.m */; };
		10F85D2A1B9CA2790099FC5A /* AppDelegate.m in Sources */ = {isa = PBXBuildFile; fileRef = 10F85D291B9CA2790099FC5A /* AppDelegate.m */; };
		10F85D301B9CA2790099FC5A /* Main.storyboard in Resources */ = {isa = PBXBuildFile; fileRef = 10F85D2E1B9CA2790099FC5A /* Main.storyboard */; };
		10F85D351B9CA2790099FC5A /* LaunchScreen.xib in Resources */ = {isa = PBXBuildFile; fileRef = 10F85D331B9CA2790099FC5A /* LaunchScreen.xib */; };
		10F85D411B9CA27A0099FC5A /* JRSplitVCExampleTests.m in Sources */ = {isa = PBXBuildFile; fileRef = 10F85D401B9CA27A0099FC5A /* JRSplitVCExampleTests.m */; };
		10F85D4E1B9CA3CA0099FC5A /* UIListVC.m in Sources */ = {isa = PBXBuildFile; fileRef = 10F85D4D1B9CA3CA0099FC5A /* UIListVC.m */; };
		10F85D611B9CB5AA0099FC5A /* UIDetailVC.m in Sources */ = {isa = PBXBuildFile; fileRef = 10F85D601B9CB5AA0099FC5A /* UIDetailVC.m */; };
		9B8CA962A1FC10687559372F /* libPods.a in Frameworks */ = {isa = PBXBuildFile; fileRef = D0E995B4F8CDF7EF7FDD8909 /* libPods.a */; };
/* End PBXBuildFile section */

/* Begin PBXContainerItemProxy section */
		10F85D3B1B9CA27A0099FC5A /* PBXContainerItemProxy */ = {
			isa = PBXContainerItemProxy;
			containerPortal = 10F85D191B9CA2790099FC5A /* Project object */;
			proxyType = 1;
			remoteGlobalIDString = 10F85D201B9CA2790099FC5A;
			remoteInfo = JRSplitVCExample;
		};
/* End PBXContainerItemProxy section */

/* Begin PBXFileReference section */
		10F85D211B9CA2790099FC5A /* JRSplitVCExample.app */ = {isa = PBXFileReference; explicitFileType = wrapper.application; includeInIndex = 0; path = JRSplitVCExample.app; sourceTree = BUILT_PRODUCTS_DIR; };
		10F85D251B9CA2790099FC5A /* Info.plist */ = {isa = PBXFileReference; lastKnownFileType = text.plist.xml; path = Info.plist; sourceTree = "<group>"; };
		10F85D261B9CA2790099FC5A /* main.m */ = {isa = PBXFileReference; lastKnownFileType = sourcecode.c.objc; path = main.m; sourceTree = "<group>"; };
		10F85D281B9CA2790099FC5A /* AppDelegate.h */ = {isa = PBXFileReference; lastKnownFileType = sourcecode.c.h; path = AppDelegate.h; sourceTree = "<group>"; };
		10F85D291B9CA2790099FC5A /* AppDelegate.m */ = {isa = PBXFileReference; lastKnownFileType = sourcecode.c.objc; path = AppDelegate.m; sourceTree = "<group>"; };
		10F85D2F1B9CA2790099FC5A /* Base */ = {isa = PBXFileReference; lastKnownFileType = file.storyboard; name = Base; path = Base.lproj/Main.storyboard; sourceTree = "<group>"; };
		10F85D341B9CA2790099FC5A /* Base */ = {isa = PBXFileReference; lastKnownFileType = file.xib; name = Base; path = Base.lproj/LaunchScreen.xib; sourceTree = "<group>"; };
		10F85D3A1B9CA27A0099FC5A /* JRSplitVCExampleTests.xctest */ = {isa = PBXFileReference; explicitFileType = wrapper.cfbundle; includeInIndex = 0; path = JRSplitVCExampleTests.xctest; sourceTree = BUILT_PRODUCTS_DIR; };
		10F85D3F1B9CA27A0099FC5A /* Info.plist */ = {isa = PBXFileReference; lastKnownFileType = text.plist.xml; path = Info.plist; sourceTree = "<group>"; };
		10F85D401B9CA27A0099FC5A /* JRSplitVCExampleTests.m */ = {isa = PBXFileReference; lastKnownFileType = sourcecode.c.objc; path = JRSplitVCExampleTests.m; sourceTree = "<group>"; };
		10F85D4C1B9CA3CA0099FC5A /* UIListVC.h */ = {isa = PBXFileReference; fileEncoding = 4; lastKnownFileType = sourcecode.c.h; path = UIListVC.h; sourceTree = "<group>"; };
		10F85D4D1B9CA3CA0099FC5A /* UIListVC.m */ = {isa = PBXFileReference; fileEncoding = 4; lastKnownFileType = sourcecode.c.objc; path = UIListVC.m; sourceTree = "<group>"; };
		10F85D5F1B9CB5AA0099FC5A /* UIDetailVC.h */ = {isa = PBXFileReference; fileEncoding = 4; lastKnownFileType = sourcecode.c.h; path = UIDetailVC.h; sourceTree = "<group>"; };
		10F85D601B9CB5AA0099FC5A /* UIDetailVC.m */ = {isa = PBXFileReference; fileEncoding = 4; lastKnownFileType = sourcecode.c.objc; path = UIDetailVC.m; sourceTree = "<group>"; };
		42BD842EA572AC99E7E8CFA9 /* Pods.debug.xcconfig */ = {isa = PBXFileReference; includeInIndex = 1; lastKnownFileType = text.xcconfig; name = Pods.debug.xcconfig; path = "Pods/Target Support Files/Pods/Pods.debug.xcconfig"; sourceTree = "<group>"; };
		CFAB33846CD36C5F48C601F2 /* Pods.release.xcconfig */ = {isa = PBXFileReference; includeInIndex = 1; lastKnownFileType = text.xcconfig; name = Pods.release.xcconfig; path = "Pods/Target Support Files/Pods/Pods.release.xcconfig"; sourceTree = "<group>"; };
		D0E995B4F8CDF7EF7FDD8909 /* libPods.a */ = {isa = PBXFileReference; explicitFileType = archive.ar; includeInIndex = 0; path = libPods.a; sourceTree = BUILT_PRODUCTS_DIR; };
/* End PBXFileReference section */

/* Begin PBXFrameworksBuildPhase section */
		10F85D1E1B9CA2790099FC5A /* Frameworks */ = {
			isa = PBXFrameworksBuildPhase;
			buildActionMask = 2147483647;
			files = (
				9B8CA962A1FC10687559372F /* libPods.a in Frameworks */,
			);
			runOnlyForDeploymentPostprocessing = 0;
		};
		10F85D371B9CA27A0099FC5A /* Frameworks */ = {
			isa = PBXFrameworksBuildPhase;
			buildActionMask = 2147483647;
			files = (
			);
			runOnlyForDeploymentPostprocessing = 0;
		};
/* End PBXFrameworksBuildPhase section */

/* Begin PBXGroup section */
		10F85D181B9CA2790099FC5A = {
			isa = PBXGroup;
			children = (
				10F85D231B9CA2790099FC5A /* JRSplitVCExample */,
				10F85D3D1B9CA27A0099FC5A /* JRSplitVCExampleTests */,
				10F85D221B9CA2790099FC5A /* Products */,
				AB5D675B1117B8F152235BAB /* Pods */,
				5843C33C714BE9E965862AB7 /* Frameworks */,
			);
			sourceTree = "<group>";
		};
		10F85D221B9CA2790099FC5A /* Products */ = {
			isa = PBXGroup;
			children = (
				10F85D211B9CA2790099FC5A /* JRSplitVCExample.app */,
				10F85D3A1B9CA27A0099FC5A /* JRSplitVCExampleTests.xctest */,
			);
			name = Products;
			sourceTree = "<group>";
		};
		10F85D231B9CA2790099FC5A /* JRSplitVCExample */ = {
			isa = PBXGroup;
			children = (
				10F85D281B9CA2790099FC5A /* AppDelegate.h */,
				10F85D291B9CA2790099FC5A /* AppDelegate.m */,
				10F85D2E1B9CA2790099FC5A /* Main.storyboard */,
				10F85D4C1B9CA3CA0099FC5A /* UIListVC.h */,
				10F85D4D1B9CA3CA0099FC5A /* UIListVC.m */,
				10F85D5F1B9CB5AA0099FC5A /* UIDetailVC.h */,
				10F85D601B9CB5AA0099FC5A /* UIDetailVC.m */,
				10F85D331B9CA2790099FC5A /* LaunchScreen.xib */,
				10F85D241B9CA2790099FC5A /* Supporting Files */,
			);
			path = JRSplitVCExample;
			sourceTree = "<group>";
		};
		10F85D241B9CA2790099FC5A /* Supporting Files */ = {
			isa = PBXGroup;
			children = (
				10F85D251B9CA2790099FC5A /* Info.plist */,
				10F85D261B9CA2790099FC5A /* main.m */,
			);
			name = "Supporting Files";
			sourceTree = "<group>";
		};
		10F85D3D1B9CA27A0099FC5A /* JRSplitVCExampleTests */ = {
			isa = PBXGroup;
			children = (
				10F85D401B9CA27A0099FC5A /* JRSplitVCExampleTests.m */,
				10F85D3E1B9CA27A0099FC5A /* Supporting Files */,
			);
			path = JRSplitVCExampleTests;
			sourceTree = "<group>";
		};
		10F85D3E1B9CA27A0099FC5A /* Supporting Files */ = {
			isa = PBXGroup;
			children = (
				10F85D3F1B9CA27A0099FC5A /* Info.plist */,
			);
			name = "Supporting Files";
			sourceTree = "<group>";
		};
		5843C33C714BE9E965862AB7 /* Frameworks */ = {
			isa = PBXGroup;
			children = (
				D0E995B4F8CDF7EF7FDD8909 /* libPods.a */,
			);
			name = Frameworks;
			sourceTree = "<group>";
		};
		AB5D675B1117B8F152235BAB /* Pods */ = {
			isa = PBXGroup;
			children = (
				42BD842EA572AC99E7E8CFA9 /* Pods.debug.xcconfig */,
				CFAB33846CD36C5F48C601F2 /* Pods.release.xcconfig */,
			);
			name = Pods;
			sourceTree = "<group>";
		};
/* End PBXGroup section */

/* Begin PBXNativeTarget section */
		10F85D201B9CA2790099FC5A /* JRSplitVCExample */ = {
			isa = PBXNativeTarget;
			buildConfigurationList = 10F85D441B9CA27A0099FC5A /* Build configuration list for PBXNativeTarget "JRSplitVCExample" */;
			buildPhases = (
				B1554B91E8F2EF0567363E7A /* Check Pods Manifest.lock */,
				10F85D1D1B9CA2790099FC5A /* Sources */,
				10F85D1E1B9CA2790099FC5A /* Frameworks */,
				10F85D1F1B9CA2790099FC5A /* Resources */,
				4E3989B95E9E815174BD5F98 /* Copy Pods Resources */,
				EDE82C4BC3D55C604759DE3D /* Embed Pods Frameworks */,
			);
			buildRules = (
			);
			dependencies = (
			);
			name = JRSplitVCExample;
			productName = JRSplitVCExample;
			productReference = 10F85D211B9CA2790099FC5A /* JRSplitVCExample.app */;
			productType = "com.apple.product-type.application";
		};
		10F85D391B9CA27A0099FC5A /* JRSplitVCExampleTests */ = {
			isa = PBXNativeTarget;
			buildConfigurationList = 10F85D471B9CA27A0099FC5A /* Build configuration list for PBXNativeTarget "JRSplitVCExampleTests" */;
			buildPhases = (
				10F85D361B9CA27A0099FC5A /* Sources */,
				10F85D371B9CA27A0099FC5A /* Frameworks */,
				10F85D381B9CA27A0099FC5A /* Resources */,
			);
			buildRules = (
			);
			dependencies = (
				10F85D3C1B9CA27A0099FC5A /* PBXTargetDependency */,
			);
			name = JRSplitVCExampleTests;
			productName = JRSplitVCExampleTests;
			productReference = 10F85D3A1B9CA27A0099FC5A /* JRSplitVCExampleTests.xctest */;
			productType = "com.apple.product-type.bundle.unit-test";
		};
/* End PBXNativeTarget section */

/* Begin PBXProject section */
		10F85D191B9CA2790099FC5A /* Project object */ = {
			isa = PBXProject;
			attributes = {
				LastUpgradeCheck = 0630;
				ORGANIZATIONNAME = com.roldanjimenez;
				TargetAttributes = {
					10F85D201B9CA2790099FC5A = {
						CreatedOnToolsVersion = 6.3.1;
					};
					10F85D391B9CA27A0099FC5A = {
						CreatedOnToolsVersion = 6.3.1;
						TestTargetID = 10F85D201B9CA2790099FC5A;
					};
				};
			};
			buildConfigurationList = 10F85D1C1B9CA2790099FC5A /* Build configuration list for PBXProject "JRSplitVCExample" */;
			compatibilityVersion = "Xcode 3.2";
			developmentRegion = English;
			hasScannedForEncodings = 0;
			knownRegions = (
				en,
				Base,
			);
			mainGroup = 10F85D181B9CA2790099FC5A;
			productRefGroup = 10F85D221B9CA2790099FC5A /* Products */;
			projectDirPath = "";
			projectRoot = "";
			targets = (
				10F85D201B9CA2790099FC5A /* JRSplitVCExample */,
				10F85D391B9CA27A0099FC5A /* JRSplitVCExampleTests */,
			);
		};
/* End PBXProject section */

/* Begin PBXResourcesBuildPhase section */
		10F85D1F1B9CA2790099FC5A /* Resources */ = {
			isa = PBXResourcesBuildPhase;
			buildActionMask = 2147483647;
			files = (
				10F85D301B9CA2790099FC5A /* Main.storyboard in Resources */,
				10F85D351B9CA2790099FC5A /* LaunchScreen.xib in Resources */,
			);
			runOnlyForDeploymentPostprocessing = 0;
		};
		10F85D381B9CA27A0099FC5A /* Resources */ = {
			isa = PBXResourcesBuildPhase;
			buildActionMask = 2147483647;
			files = (
			);
			runOnlyForDeploymentPostprocessing = 0;
		};
/* End PBXResourcesBuildPhase section */

/* Begin PBXShellScriptBuildPhase section */
		4E3989B95E9E815174BD5F98 /* Copy Pods Resources */ = {
			isa = PBXShellScriptBuildPhase;
			buildActionMask = 2147483647;
			files = (
			);
			inputPaths = (
			);
			name = "Copy Pods Resources";
			outputPaths = (
			);
			runOnlyForDeploymentPostprocessing = 0;
			shellPath = /bin/sh;
			shellScript = "\"${SRCROOT}/Pods/Target Support Files/Pods/Pods-resources.sh\"\n";
			showEnvVarsInLog = 0;
		};
		B1554B91E8F2EF0567363E7A /* Check Pods Manifest.lock */ = {
			isa = PBXShellScriptBuildPhase;
			buildActionMask = 2147483647;
			files = (
			);
			inputPaths = (
			);
			name = "Check Pods Manifest.lock";
			outputPaths = (
			);
			runOnlyForDeploymentPostprocessing = 0;
			shellPath = /bin/sh;
			shellScript = "diff \"${PODS_ROOT}/../Podfile.lock\" \"${PODS_ROOT}/Manifest.lock\" > /dev/null\nif [[ $? != 0 ]] ; then\n    cat << EOM\nerror: The sandbox is not in sync with the Podfile.lock. Run 'pod install' or update your CocoaPods installation.\nEOM\n    exit 1\nfi\n";
			showEnvVarsInLog = 0;
		};
		EDE82C4BC3D55C604759DE3D /* Embed Pods Frameworks */ = {
			isa = PBXShellScriptBuildPhase;
			buildActionMask = 2147483647;
			files = (
			);
			inputPaths = (
			);
			name = "Embed Pods Frameworks";
			outputPaths = (
			);
			runOnlyForDeploymentPostprocessing = 0;
			shellPath = /bin/sh;
			shellScript = "\"${SRCROOT}/Pods/Target Support Files/Pods/Pods-frameworks.sh\"\n";
			showEnvVarsInLog = 0;
		};
/* End PBXShellScriptBuildPhase section */

/* Begin PBXSourcesBuildPhase section */
		10F85D1D1B9CA2790099FC5A /* Sources */ = {
			isa = PBXSourcesBuildPhase;
			buildActionMask = 2147483647;
			files = (
				10F85D611B9CB5AA0099FC5A /* UIDetailVC.m in Sources */,
				10F85D2A1B9CA2790099FC5A /* AppDelegate.m in Sources */,
				10F85D4E1B9CA3CA0099FC5A /* UIListVC.m in Sources */,
				10F85D271B9CA2790099FC5A /* main.m in Sources */,
			);
			runOnlyForDeploymentPostprocessing = 0;
		};
		10F85D361B9CA27A0099FC5A /* Sources */ = {
			isa = PBXSourcesBuildPhase;
			buildActionMask = 2147483647;
			files = (
				10F85D411B9CA27A0099FC5A /* JRSplitVCExampleTests.m in Sources */,
			);
			runOnlyForDeploymentPostprocessing = 0;
		};
/* End PBXSourcesBuildPhase section */

/* Begin PBXTargetDependency section */
		10F85D3C1B9CA27A0099FC5A /* PBXTargetDependency */ = {
			isa = PBXTargetDependency;
			target = 10F85D201B9CA2790099FC5A /* JRSplitVCExample */;
			targetProxy = 10F85D3B1B9CA27A0099FC5A /* PBXContainerItemProxy */;
		};
/* End PBXTargetDependency section */

/* Begin PBXVariantGroup section */
		10F85D2E1B9CA2790099FC5A /* Main.storyboard */ = {
			isa = PBXVariantGroup;
			children = (
				10F85D2F1B9CA2790099FC5A /* Base */,
			);
			name = Main.storyboard;
			sourceTree = "<group>";
		};
		10F85D331B9CA2790099FC5A /* LaunchScreen.xib */ = {
			isa = PBXVariantGroup;
			children = (
				10F85D341B9CA2790099FC5A /* Base */,
			);
			name = LaunchScreen.xib;
			sourceTree = "<group>";
		};
/* End PBXVariantGroup section */

/* Begin XCBuildConfiguration section */
		10F85D421B9CA27A0099FC5A /* Debug */ = {
			isa = XCBuildConfiguration;
			buildSettings = {
				ALWAYS_SEARCH_USER_PATHS = NO;
				CLANG_CXX_LANGUAGE_STANDARD = "gnu++0x";
				CLANG_CXX_LIBRARY = "libc++";
				CLANG_ENABLE_MODULES = YES;
				CLANG_ENABLE_OBJC_ARC = YES;
				CLANG_WARN_BOOL_CONVERSION = YES;
				CLANG_WARN_CONSTANT_CONVERSION = YES;
				CLANG_WARN_DIRECT_OBJC_ISA_USAGE = YES_ERROR;
				CLANG_WARN_EMPTY_BODY = YES;
				CLANG_WARN_ENUM_CONVERSION = YES;
				CLANG_WARN_INT_CONVERSION = YES;
				CLANG_WARN_OBJC_ROOT_CLASS = YES_ERROR;
				CLANG_WARN_UNREACHABLE_CODE = YES;
				CLANG_WARN__DUPLICATE_METHOD_MATCH = YES;
				"CODE_SIGN_IDENTITY[sdk=iphoneos*]" = "iPhone Developer";
				COPY_PHASE_STRIP = NO;
				DEBUG_INFORMATION_FORMAT = "dwarf-with-dsym";
				ENABLE_STRICT_OBJC_MSGSEND = YES;
				GCC_C_LANGUAGE_STANDARD = gnu99;
				GCC_DYNAMIC_NO_PIC = NO;
				GCC_NO_COMMON_BLOCKS = YES;
				GCC_OPTIMIZATION_LEVEL = 0;
				GCC_PREPROCESSOR_DEFINITIONS = (
					"DEBUG=1",
					"$(inherited)",
				);
				GCC_SYMBOLS_PRIVATE_EXTERN = NO;
				GCC_WARN_64_TO_32_BIT_CONVERSION = YES;
				GCC_WARN_ABOUT_RETURN_TYPE = YES_ERROR;
				GCC_WARN_UNDECLARED_SELECTOR = YES;
				GCC_WARN_UNINITIALIZED_AUTOS = YES_AGGRESSIVE;
				GCC_WARN_UNUSED_FUNCTION = YES;
				GCC_WARN_UNUSED_VARIABLE = YES;
				IPHONEOS_DEPLOYMENT_TARGET = 8.3;
				MTL_ENABLE_DEBUG_INFO = YES;
				ONLY_ACTIVE_ARCH = YES;
				SDKROOT = iphoneos;
				TARGETED_DEVICE_FAMILY = "1,2";
			};
			name = Debug;
		};
		10F85D431B9CA27A0099FC5A /* Release */ = {
			isa = XCBuildConfiguration;
			buildSettings = {
				ALWAYS_SEARCH_USER_PATHS = NO;
				CLANG_CXX_LANGUAGE_STANDARD = "gnu++0x";
				CLANG_CXX_LIBRARY = "libc++";
				CLANG_ENABLE_MODULES = YES;
				CLANG_ENABLE_OBJC_ARC = YES;
				CLANG_WARN_BOOL_CONVERSION = YES;
				CLANG_WARN_CONSTANT_CONVERSION = YES;
				CLANG_WARN_DIRECT_OBJC_ISA_USAGE = YES_ERROR;
				CLANG_WARN_EMPTY_BODY = YES;
				CLANG_WARN_ENUM_CONVERSION = YES;
				CLANG_WARN_INT_CONVERSION = YES;
				CLANG_WARN_OBJC_ROOT_CLASS = YES_ERROR;
				CLANG_WARN_UNREACHABLE_CODE = YES;
				CLANG_WARN__DUPLICATE_METHOD_MATCH = YES;
				"CODE_SIGN_IDENTITY[sdk=iphoneos*]" = "iPhone Developer";
				COPY_PHASE_STRIP = NO;
				DEBUG_INFORMATION_FORMAT = "dwarf-with-dsym";
				ENABLE_NS_ASSERTIONS = NO;
				ENABLE_STRICT_OBJC_MSGSEND = YES;
				GCC_C_LANGUAGE_STANDARD = gnu99;
				GCC_NO_COMMON_BLOCKS = YES;
				GCC_WARN_64_TO_32_BIT_CONVERSION = YES;
				GCC_WARN_ABOUT_RETURN_TYPE = YES_ERROR;
				GCC_WARN_UNDECLARED_SELECTOR = YES;
				GCC_WARN_UNINITIALIZED_AUTOS = YES_AGGRESSIVE;
				GCC_WARN_UNUSED_FUNCTION = YES;
				GCC_WARN_UNUSED_VARIABLE = YES;
				IPHONEOS_DEPLOYMENT_TARGET = 8.3;
				MTL_ENABLE_DEBUG_INFO = NO;
				SDKROOT = iphoneos;
				TARGETED_DEVICE_FAMILY = "1,2";
				VALIDATE_PRODUCT = YES;
			};
			name = Release;
		};
		10F85D451B9CA27A0099FC5A /* Debug */ = {
			isa = XCBuildConfiguration;
			baseConfigurationReference = 42BD842EA572AC99E7E8CFA9 /* Pods.debug.xcconfig */;
			buildSettings = {
				ASSETCATALOG_COMPILER_APPICON_NAME = AppIcon;
				INFOPLIST_FILE = JRSplitVCExample/Info.plist;
				LD_RUNPATH_SEARCH_PATHS = "$(inherited) @executable_path/Frameworks";
				PRODUCT_NAME = "$(TARGET_NAME)";
			};
			name = Debug;
		};
		10F85D461B9CA27A0099FC5A /* Release */ = {
			isa = XCBuildConfiguration;
			baseConfigurationReference = CFAB33846CD36C5F48C601F2 /* Pods.release.xcconfig */;
			buildSettings = {
				ASSETCATALOG_COMPILER_APPICON_NAME = AppIcon;
				INFOPLIST_FILE = JRSplitVCExample/Info.plist;
				LD_RUNPATH_SEARCH_PATHS = "$(inherited) @executable_path/Frameworks";
				PRODUCT_NAME = "$(TARGET_NAME)";
			};
			name = Release;
		};
		10F85D481B9CA27A0099FC5A /* Debug */ = {
			isa = XCBuildConfiguration;
			buildSettings = {
				BUNDLE_LOADER = "$(TEST_HOST)";
				FRAMEWORK_SEARCH_PATHS = (
					"$(SDKROOT)/Developer/Library/Frameworks",
					"$(inherited)",
				);
				GCC_PREPROCESSOR_DEFINITIONS = (
					"DEBUG=1",
					"$(inherited)",
				);
				INFOPLIST_FILE = JRSplitVCExampleTests/Info.plist;
				LD_RUNPATH_SEARCH_PATHS = "$(inherited) @executable_path/Frameworks @loader_path/Frameworks";
				PRODUCT_NAME = "$(TARGET_NAME)";
				TEST_HOST = "$(BUILT_PRODUCTS_DIR)/JRSplitVCExample.app/JRSplitVCExample";
			};
			name = Debug;
		};
		10F85D491B9CA27A0099FC5A /* Release */ = {
			isa = XCBuildConfiguration;
			buildSettings = {
				BUNDLE_LOADER = "$(TEST_HOST)";
				FRAMEWORK_SEARCH_PATHS = (
					"$(SDKROOT)/Developer/Library/Frameworks",
					"$(inherited)",
				);
				INFOPLIST_FILE = JRSplitVCExampleTests/Info.plist;
				LD_RUNPATH_SEARCH_PATHS = "$(inherited) @executable_path/Frameworks @loader_path/Frameworks";
				PRODUCT_NAME = "$(TARGET_NAME)";
				TEST_HOST = "$(BUILT_PRODUCTS_DIR)/JRSplitVCExample.app/JRSplitVCExample";
			};
			name = Release;
		};
/* End XCBuildConfiguration section */

/* Begin XCConfigurationList section */
		10F85D1C1B9CA2790099FC5A /* Build configuration list for PBXProject "JRSplitVCExample" */ = {
			isa = XCConfigurationList;
			buildConfigurations = (
				10F85D421B9CA27A0099FC5A /* Debug */,
				10F85D431B9CA27A0099FC5A /* Release */,
			);
			defaultConfigurationIsVisible = 0;
			defaultConfigurationName = Release;
		};
		10F85D441B9CA27A0099FC5A /* Build configuration list for PBXNativeTarget "JRSplitVCExample" */ = {
			isa = XCConfigurationList;
			buildConfigurations = (
				10F85D451B9CA27A0099FC5A /* Debug */,
				10F85D461B9CA27A0099FC5A /* Release */,
			);
			defaultConfigurationIsVisible = 0;
			defaultConfigurationName = Release;
		};
		10F85D471B9CA27A0099FC5A /* Build configuration list for PBXNativeTarget "JRSplitVCExampleTests" */ = {
			isa = XCConfigurationList;
			buildConfigurations = (
				10F85D481B9CA27A0099FC5A /* Debug */,
				10F85D491B9CA27A0099FC5A /* Release */,
			);
			defaultConfigurationIsVisible = 0;
			defaultConfigurationName = Release;
		};
/* End XCConfigurationList section */
	};
	rootObject = 10F85D191B9CA2790099FC5A /* Project object */;
}
